
Microsoft Visual Studio Solution File, Format Version 12.00
# Visual Studio Version 17
VisualStudioVersion = 17.8.34511.84
MinimumVisualStudioVersion = 10.0.40219.1
Project("{FAE04EC0-301F-11D3-BF4B-00C04F79EFBC}") = "1 to UserInput", "1 to UserInput.csproj", "{F0A7BE1B-A96A-472A-B6D7-A8A58CB3FF52}"
EndProject
Global
	GlobalSection(SolutionConfigurationPlatforms) = preSolution
		Debug|Any CPU = Debug|Any CPU
		Release|Any CPU = Release|Any CPU
	EndGlobalSection
	GlobalSection(ProjectConfigurationPlatforms) = postSolution
		{F0A7BE1B-A96A-472A-B6D7-A8A58CB3FF52}.Debug|Any CPU.ActiveCfg = Debug|Any CPU
		{F0A7BE1B-A96A-472A-B6D7-A8A58CB3FF52}.Debug|Any CPU.Build.0 = Debug|Any CPU
		{F0A7BE1B-A96A-472A-B6D7-A8A58CB3FF52}.Release|Any CPU.ActiveCfg = Release|Any CPU
		{F0A7BE1B-A96A-472A-B6D7-A8A58CB3FF52}.Release|Any CPU.Build.0 = Release|Any CPU
	EndGlobalSection
	GlobalSection(SolutionProperties) = preSolution
		HideSolutionNode = FALSE
	EndGlobalSection
	GlobalSection(ExtensibilityGlobals) = postSolution
		SolutionGuid = {9EE2C8B3-DBB5-4B5D-BFD7-4A259145C2E8}
	EndGlobalSection
EndGlobal
