
Microsoft Visual Studio Solution File, Format Version 12.00
# Visual Studio Version 17
VisualStudioVersion = 17.8.34511.84
MinimumVisualStudioVersion = 10.0.40219.1
Project("{FAE04EC0-301F-11D3-BF4B-00C04F79EFBC}") = "5 to 1", "5 to 1.csproj", "{D3865E5B-337D-4754-AA30-732BE6016BBA}"
EndProject
Global
	GlobalSection(SolutionConfigurationPlatforms) = preSolution
		Debug|Any CPU = Debug|Any CPU
		Release|Any CPU = Release|Any CPU
	EndGlobalSection
	GlobalSection(ProjectConfigurationPlatforms) = postSolution
		{D3865E5B-337D-4754-AA30-732BE6016BBA}.Debug|Any CPU.ActiveCfg = Debug|Any CPU
		{D3865E5B-337D-4754-AA30-732BE6016BBA}.Debug|Any CPU.Build.0 = Debug|Any CPU
		{D3865E5B-337D-4754-AA30-732BE6016BBA}.Release|Any CPU.ActiveCfg = Release|Any CPU
		{D3865E5B-337D-4754-AA30-732BE6016BBA}.Release|Any CPU.Build.0 = Release|Any CPU
	EndGlobalSection
	GlobalSection(SolutionProperties) = preSolution
		HideSolutionNode = FALSE
	EndGlobalSection
	GlobalSection(ExtensibilityGlobals) = postSolution
		SolutionGuid = {226E8FAB-EEE0-4F24-B4F9-010DE141C127}
	EndGlobalSection
EndGlobal
