
Microsoft Visual Studio Solution File, Format Version 12.00
# Visual Studio Version 17
VisualStudioVersion = 17.8.34511.84
MinimumVisualStudioVersion = 10.0.40219.1
Project("{FAE04EC0-301F-11D3-BF4B-00C04F79EFBC}") = "1 to 99 for", "1 to 99 for.csproj", "{43298DD0-2775-4303-8D2D-E6E7F09A53AE}"
EndProject
Project("{2150E333-8FDC-42A3-9474-1A3956D46DE8}") = "Solution Items", "Solution Items", "{CFFF45BB-BDC4-43C5-8343-374CEE6BBD12}"
	ProjectSection(SolutionItems) = preProject
		.editorconfig = .editorconfig
	EndProjectSection
EndProject
Global
	GlobalSection(SolutionConfigurationPlatforms) = preSolution
		Debug|Any CPU = Debug|Any CPU
		Release|Any CPU = Release|Any CPU
	EndGlobalSection
	GlobalSection(ProjectConfigurationPlatforms) = postSolution
		{43298DD0-2775-4303-8D2D-E6E7F09A53AE}.Debug|Any CPU.ActiveCfg = Debug|Any CPU
		{43298DD0-2775-4303-8D2D-E6E7F09A53AE}.Debug|Any CPU.Build.0 = Debug|Any CPU
		{43298DD0-2775-4303-8D2D-E6E7F09A53AE}.Release|Any CPU.ActiveCfg = Release|Any CPU
		{43298DD0-2775-4303-8D2D-E6E7F09A53AE}.Release|Any CPU.Build.0 = Release|Any CPU
	EndGlobalSection
	GlobalSection(SolutionProperties) = preSolution
		HideSolutionNode = FALSE
	EndGlobalSection
	GlobalSection(ExtensibilityGlobals) = postSolution
		SolutionGuid = {577C773E-2F12-4F7A-A3A5-D66DCC0E77E8}
	EndGlobalSection
EndGlobal
