
Microsoft Visual Studio Solution File, Format Version 12.00
# Visual Studio Version 17
VisualStudioVersion = 17.8.34511.84
MinimumVisualStudioVersion = 10.0.40219.1
Project("{FAE04EC0-301F-11D3-BF4B-00C04F79EFBC}") = "7 14 21", "7 14 21.csproj", "{1DDE958E-E511-40DA-9AA5-51FA46795C49}"
EndProject
Global
	GlobalSection(SolutionConfigurationPlatforms) = preSolution
		Debug|Any CPU = Debug|Any CPU
		Release|Any CPU = Release|Any CPU
	EndGlobalSection
	GlobalSection(ProjectConfigurationPlatforms) = postSolution
		{1DDE958E-E511-40DA-9AA5-51FA46795C49}.Debug|Any CPU.ActiveCfg = Debug|Any CPU
		{1DDE958E-E511-40DA-9AA5-51FA46795C49}.Debug|Any CPU.Build.0 = Debug|Any CPU
		{1DDE958E-E511-40DA-9AA5-51FA46795C49}.Release|Any CPU.ActiveCfg = Release|Any CPU
		{1DDE958E-E511-40DA-9AA5-51FA46795C49}.Release|Any CPU.Build.0 = Release|Any CPU
	EndGlobalSection
	GlobalSection(SolutionProperties) = preSolution
		HideSolutionNode = FALSE
	EndGlobalSection
	GlobalSection(ExtensibilityGlobals) = postSolution
		SolutionGuid = {436AF2D1-8EBF-408D-9018-B40EB972DA75}
	EndGlobalSection
EndGlobal
